
Microsoft Visual Studio Solution File, Format Version 12.00
# Visual Studio Version 17
VisualStudioVersion = 17.6.33712.159
MinimumVisualStudioVersion = 10.0.40219.1
Project("{FAE04EC0-301F-11D3-BF4B-00C04F79EFBC}") = "winform1", "winform1\winform1.csproj", "{4656B3C3-8B53-4AAE-B066-B0DA8107576C}"
EndProject
Global
	GlobalSection(SolutionConfigurationPlatforms) = preSolution
		Debug|Any CPU = Debug|Any CPU
		Release|Any CPU = Release|Any CPU
	EndGlobalSection
	GlobalSection(ProjectConfigurationPlatforms) = postSolution
		{4656B3C3-8B53-4AAE-B066-B0DA8107576C}.Debug|Any CPU.ActiveCfg = Debug|Any CPU
		{4656B3C3-8B53-4AAE-B066-B0DA8107576C}.Debug|Any CPU.Build.0 = Debug|Any CPU
		{4656B3C3-8B53-4AAE-B066-B0DA8107576C}.Release|Any CPU.ActiveCfg = Release|Any CPU
		{4656B3C3-8B53-4AAE-B066-B0DA8107576C}.Release|Any CPU.Build.0 = Release|Any CPU
	EndGlobalSection
	GlobalSection(SolutionProperties) = preSolution
		HideSolutionNode = FALSE
	EndGlobalSection
	GlobalSection(ExtensibilityGlobals) = postSolution
		SolutionGuid = {BB054321-3D4D-4E10-953F-25D820DA40E6}
	EndGlobalSection
EndGlobal
